// !$*UTF8*$!
{
	archiveVersion = 1;
	classes = {
	};
	objectVersion = 77;
	objects = {

/* Begin PBXBuildFile section */
		BBD430F92E7DDF21009FE817 /* String.hpp in Headers */ = {isa = PBXBuildFile; fileRef = BBD430ED2E7DDF21009FE817 /* String.hpp */; };
		BBD430FA2E7DDF21009FE817 /* Address.hpp in Headers */ = {isa = PBXBuildFile; fileRef = BBD430EA2E7DDF21009FE817 /* Address.hpp */; };
		BBD430FB2E7DDF21009FE817 /* Checkers.hpp in Headers */ = {isa = PBXBuildFile; fileRef = BBD430F22E7DDF21009FE817 /* Checkers.hpp */; };
		BBD430FC2E7DDF21009FE817 /* Optional.hpp in Headers */ = {isa = PBXBuildFile; fileRef = BBD430F62E7DDF21009FE817 /* Optional.hpp */; };
		BBD430FD2E7DDF21009FE817 /* Memory.hpp in Headers */ = {isa = PBXBuildFile; fileRef = BBD430E52E7DDF21009FE817 /* Memory.hpp */; };
		BBD430FE2E7DDF21009FE817 /* KauthCallback.hpp in Headers */ = {isa = PBXBuildFile; fileRef = BBD430E22E7DDF21009FE817 /* KauthCallback.hpp */; };
		BBD430FF2E7DDF21009FE817 /* Move.hpp in Headers */ = {isa = PBXBuildFile; fileRef = BBD430F02E7DDF21009FE817 /* Move.hpp */; };
		BBD431002E7DDF21009FE817 /* UniquePtr.hpp in Headers */ = {isa = PBXBuildFile; fileRef = BBD430E82E7DDF21009FE817 /* UniquePtr.hpp */; };
		BBD431012E7DDF21009FE817 /* Logger.hpp in Headers */ = {isa = PBXBuildFile; fileRef = BBD430F52E7DDF21009FE817 /* Logger.hpp */; };
		BBD431022E7DDF21009FE817 /* Result.hpp in Headers */ = {isa = PBXBuildFile; fileRef = BBD430F72E7DDF21009FE817 /* Result.hpp */; };
		BBD431032E7DDF21009FE817 /* SharedPtr.hpp in Headers */ = {isa = PBXBuildFile; fileRef = BBD430E72E7DDF21009FE817 /* SharedPtr.hpp */; };
		BBD431042E7DDF21009FE817 /* Info.plist in Resources */ = {isa = PBXBuildFile; fileRef = BBD430F32E7DDF21009FE817 /* Info.plist */; };
		BBD431052E7DDF21009FE817 /* Kernel.framework in Resources */ = {isa = PBXBuildFile; fileRef = BBD430F42E7DDF21009FE817 /* Kernel.framework */; };
		BBD431062E7DDF21009FE817 /* String.cpp in Sources */ = {isa = PBXBuildFile; fileRef = BBD430EE2E7DDF21009FE817 /* String.cpp */; };
		BBD431072E7DDF21009FE817 /* KauthCallback.cpp in Sources */ = {isa = PBXBuildFile; fileRef = BBD430E32E7DDF21009FE817 /* KauthCallback.cpp */; };
		BBD431082E7DDF21009FE817 /* Address.cpp in Sources */ = {isa = PBXBuildFile; fileRef = BBD430EB2E7DDF21009FE817 /* Address.cpp */; };
/* End PBXBuildFile section */

/* Begin PBXFileReference section */
		BBD430E22E7DDF21009FE817 /* KauthCallback.hpp */ = {isa = PBXFileReference; lastKnownFileType = sourcecode.cpp.h; path = KauthCallback.hpp; sourceTree = "<group>"; };
		BBD430E32E7DDF21009FE817 /* KauthCallback.cpp */ = {isa = PBXFileReference; lastKnownFileType = sourcecode.cpp.cpp; path = KauthCallback.cpp; sourceTree = "<group>"; };
		BBD430E52E7DDF21009FE817 /* Memory.hpp */ = {isa = PBXFileReference; lastKnownFileType = sourcecode.cpp.h; path = Memory.hpp; sourceTree = "<group>"; };
		BBD430E72E7DDF21009FE817 /* SharedPtr.hpp */ = {isa = PBXFileReference; lastKnownFileType = sourcecode.cpp.h; path = SharedPtr.hpp; sourceTree = "<group>"; };
		BBD430E82E7DDF21009FE817 /* UniquePtr.hpp */ = {isa = PBXFileReference; lastKnownFileType = sourcecode.cpp.h; path = UniquePtr.hpp; sourceTree = "<group>"; };
		BBD430EA2E7DDF21009FE817 /* Address.hpp */ = {isa = PBXFileReference; lastKnownFileType = sourcecode.cpp.h; path = Address.hpp; sourceTree = "<group>"; };
		BBD430EB2E7DDF21009FE817 /* Address.cpp */ = {isa = PBXFileReference; lastKnownFileType = sourcecode.cpp.cpp; path = Address.cpp; sourceTree = "<group>"; };
		BBD430ED2E7DDF21009FE817 /* String.hpp */ = {isa = PBXFileReference; lastKnownFileType = sourcecode.cpp.h; path = String.hpp; sourceTree = "<group>"; };
		BBD430EE2E7DDF21009FE817 /* String.cpp */ = {isa = PBXFileReference; lastKnownFileType = sourcecode.cpp.cpp; path = String.cpp; sourceTree = "<group>"; };
		BBD430F02E7DDF21009FE817 /* Move.hpp */ = {isa = PBXFileReference; lastKnownFileType = sourcecode.cpp.h; path = Move.hpp; sourceTree = "<group>"; };
		BBD430F22E7DDF21009FE817 /* Checkers.hpp */ = {isa = PBXFileReference; lastKnownFileType = sourcecode.cpp.h; path = Checkers.hpp; sourceTree = "<group>"; };
		BBD430F32E7DDF21009FE817 /* Info.plist */ = {isa = PBXFileReference; lastKnownFileType = text.plist.xml; path = Info.plist; sourceTree = "<group>"; };
		BBD430F42E7DDF21009FE817 /* Kernel.framework */ = {isa = PBXFileReference; lastKnownFileType = text; path = Kernel.framework; sourceTree = "<group>"; };
		BBD430F52E7DDF21009FE817 /* Logger.hpp */ = {isa = PBXFileReference; lastKnownFileType = sourcecode.cpp.h; path = Logger.hpp; sourceTree = "<group>"; };
		BBD430F62E7DDF21009FE817 /* Optional.hpp */ = {isa = PBXFileReference; lastKnownFileType = sourcecode.cpp.h; path = Optional.hpp; sourceTree = "<group>"; };
		BBD430F72E7DDF21009FE817 /* Result.hpp */ = {isa = PBXFileReference; lastKnownFileType = sourcecode.cpp.h; path = Result.hpp; sourceTree = "<group>"; };
		BBF364642E7DC29700C5D544 /* AddressPrinter.kext */ = {isa = PBXFileReference; explicitFileType = wrapper.cfbundle; includeInIndex = 0; path = AddressPrinter.kext; sourceTree = BUILT_PRODUCTS_DIR; };
/* End PBXFileReference section */

/* Begin PBXFileSystemSynchronizedBuildFileExceptionSet section */
		BBF3646A2E7DC29700C5D544 /* Exceptions for "AddressPrinter" folder in "AddressPrinter" target */ = {
			isa = PBXFileSystemSynchronizedBuildFileExceptionSet;
			membershipExceptions = (
				Info.plist,
			);
			target = BBF364632E7DC29700C5D544 /* AddressPrinter */;
		};
/* End PBXFileSystemSynchronizedBuildFileExceptionSet section */

/* Begin PBXFileSystemSynchronizedRootGroup section */
		BBF364662E7DC29700C5D544 /* AddressPrinter */ = {
			isa = PBXFileSystemSynchronizedRootGroup;
			exceptions = (
				BBF3646A2E7DC29700C5D544 /* Exceptions for "AddressPrinter" folder in "AddressPrinter" target */,
			);
			path = AddressPrinter;
			sourceTree = "<group>";
		};
/* End PBXFileSystemSynchronizedRootGroup section */

/* Begin PBXFrameworksBuildPhase section */
		BBF364612E7DC29700C5D544 /* Frameworks */ = {
			isa = PBXFrameworksBuildPhase;
			buildActionMask = 2147483647;
			files = (
			);
			runOnlyForDeploymentPostprocessing = 0;
		};
/* End PBXFrameworksBuildPhase section */

/* Begin PBXGroup section */
		BBD430E42E7DDF21009FE817 /* KauthCallbacks */ = {
			isa = PBXGroup;
			children = (
				BBD430E22E7DDF21009FE817 /* KauthCallback.hpp */,
				BBD430E32E7DDF21009FE817 /* KauthCallback.cpp */,
			);
			path = KauthCallbacks;
			sourceTree = "<group>";
		};
		BBD430E62E7DDF21009FE817 /* Memory */ = {
			isa = PBXGroup;
			children = (
				BBD430E52E7DDF21009FE817 /* Memory.hpp */,
			);
			path = Memory;
			sourceTree = "<group>";
		};
		BBD430E92E7DDF21009FE817 /* Pointers */ = {
			isa = PBXGroup;
			children = (
				BBD430E72E7DDF21009FE817 /* SharedPtr.hpp */,
				BBD430E82E7DDF21009FE817 /* UniquePtr.hpp */,
			);
			path = Pointers;
			sourceTree = "<group>";
		};
		BBD430EC2E7DDF21009FE817 /* Signatures */ = {
			isa = PBXGroup;
			children = (
				BBD430EA2E7DDF21009FE817 /* Address.hpp */,
				BBD430EB2E7DDF21009FE817 /* Address.cpp */,
			);
			path = Signatures;
			sourceTree = "<group>";
		};
		BBD430EF2E7DDF21009FE817 /* Strings */ = {
			isa = PBXGroup;
			children = (
				BBD430ED2E7DDF21009FE817 /* String.hpp */,
				BBD430EE2E7DDF21009FE817 /* String.cpp */,
			);
			path = Strings;
			sourceTree = "<group>";
		};
		BBD430F12E7DDF21009FE817 /* TypeTraites */ = {
			isa = PBXGroup;
			children = (
				BBD430F02E7DDF21009FE817 /* Move.hpp */,
			);
			path = TypeTraites;
			sourceTree = "<group>";
		};
		BBD430F82E7DDF21009FE817 /* dstd */ = {
			isa = PBXGroup;
			children = (
				BBD430E42E7DDF21009FE817 /* KauthCallbacks */,
				BBD430E62E7DDF21009FE817 /* Memory */,
				BBD430E92E7DDF21009FE817 /* Pointers */,
				BBD430EC2E7DDF21009FE817 /* Signatures */,
				BBD430EF2E7DDF21009FE817 /* Strings */,
				BBD430F12E7DDF21009FE817 /* TypeTraites */,
				BBD430F22E7DDF21009FE817 /* Checkers.hpp */,
				BBD430F32E7DDF21009FE817 /* Info.plist */,
				BBD430F42E7DDF21009FE817 /* Kernel.framework */,
				BBD430F52E7DDF21009FE817 /* Logger.hpp */,
				BBD430F62E7DDF21009FE817 /* Optional.hpp */,
				BBD430F72E7DDF21009FE817 /* Result.hpp */,
			);
			name = dstd;
			path = ../dstd/dstd;
			sourceTree = SOURCE_ROOT;
		};
		BBF3645A2E7DC29700C5D544 = {
			isa = PBXGroup;
			children = (
				BBD430F82E7DDF21009FE817 /* dstd */,
				BBF364662E7DC29700C5D544 /* AddressPrinter */,
				BBF364652E7DC29700C5D544 /* Products */,
			);
			sourceTree = "<group>";
		};
		BBF364652E7DC29700C5D544 /* Products */ = {
			isa = PBXGroup;
			children = (
				BBF364642E7DC29700C5D544 /* AddressPrinter.kext */,
			);
			name = Products;
			sourceTree = "<group>";
		};
/* End PBXGroup section */

/* Begin PBXHeadersBuildPhase section */
		BBF3645F2E7DC29700C5D544 /* Headers */ = {
			isa = PBXHeadersBuildPhase;
			buildActionMask = 2147483647;
			files = (
				BBD430F92E7DDF21009FE817 /* String.hpp in Headers */,
				BBD430FA2E7DDF21009FE817 /* Address.hpp in Headers */,
				BBD430FB2E7DDF21009FE817 /* Checkers.hpp in Headers */,
				BBD430FC2E7DDF21009FE817 /* Optional.hpp in Headers */,
				BBD430FD2E7DDF21009FE817 /* Memory.hpp in Headers */,
				BBD430FE2E7DDF21009FE817 /* KauthCallback.hpp in Headers */,
				BBD430FF2E7DDF21009FE817 /* Move.hpp in Headers */,
				BBD431002E7DDF21009FE817 /* UniquePtr.hpp in Headers */,
				BBD431012E7DDF21009FE817 /* Logger.hpp in Headers */,
				BBD431022E7DDF21009FE817 /* Result.hpp in Headers */,
				BBD431032E7DDF21009FE817 /* SharedPtr.hpp in Headers */,
			);
			runOnlyForDeploymentPostprocessing = 0;
		};
/* End PBXHeadersBuildPhase section */

/* Begin PBXNativeTarget section */
		BBF364632E7DC29700C5D544 /* AddressPrinter */ = {
			isa = PBXNativeTarget;
			buildConfigurationList = BBF3646B2E7DC29700C5D544 /* Build configuration list for PBXNativeTarget "AddressPrinter" */;
			buildPhases = (
				BBF3645F2E7DC29700C5D544 /* Headers */,
				BBF364602E7DC29700C5D544 /* Sources */,
				BBF364612E7DC29700C5D544 /* Frameworks */,
				BBF364622E7DC29700C5D544 /* Resources */,
			);
			buildRules = (
			);
			dependencies = (
			);
			fileSystemSynchronizedGroups = (
				BBF364662E7DC29700C5D544 /* AddressPrinter */,
			);
			name = AddressPrinter;
			packageProductDependencies = (
			);
			productName = AddressPrinter;
			productReference = BBF364642E7DC29700C5D544 /* AddressPrinter.kext */;
			productType = "com.apple.product-type.kernel-extension";
		};
/* End PBXNativeTarget section */

/* Begin PBXProject section */
		BBF3645B2E7DC29700C5D544 /* Project object */ = {
			isa = PBXProject;
			attributes = {
				BuildIndependentTargetsInParallel = 1;
				LastUpgradeCheck = 2600;
				TargetAttributes = {
					BBF364632E7DC29700C5D544 = {
						CreatedOnToolsVersion = 26.0;
					};
				};
			};
			buildConfigurationList = BBF3645E2E7DC29700C5D544 /* Build configuration list for PBXProject "AddressPrinter" */;
			developmentRegion = en;
			hasScannedForEncodings = 0;
			knownRegions = (
				en,
				Base,
			);
			mainGroup = BBF3645A2E7DC29700C5D544;
			minimizedProjectReferenceProxies = 1;
			preferredProjectObjectVersion = 77;
			productRefGroup = BBF364652E7DC29700C5D544 /* Products */;
			projectDirPath = "";
			projectRoot = "";
			targets = (
				BBF364632E7DC29700C5D544 /* AddressPrinter */,
			);
		};
/* End PBXProject section */

/* Begin PBXResourcesBuildPhase section */
		BBF364622E7DC29700C5D544 /* Resources */ = {
			isa = PBXResourcesBuildPhase;
			buildActionMask = 2147483647;
			files = (
				BBD431042E7DDF21009FE817 /* Info.plist in Resources */,
				BBD431052E7DDF21009FE817 /* Kernel.framework in Resources */,
			);
			runOnlyForDeploymentPostprocessing = 0;
		};
/* End PBXResourcesBuildPhase section */

/* Begin PBXSourcesBuildPhase section */
		BBF364602E7DC29700C5D544 /* Sources */ = {
			isa = PBXSourcesBuildPhase;
			buildActionMask = 2147483647;
			files = (
				BBD431062E7DDF21009FE817 /* String.cpp in Sources */,
				BBD431072E7DDF21009FE817 /* KauthCallback.cpp in Sources */,
				BBD431082E7DDF21009FE817 /* Address.cpp in Sources */,
			);
			runOnlyForDeploymentPostprocessing = 0;
		};
/* End PBXSourcesBuildPhase section */

/* Begin XCBuildConfiguration section */
		BBF3646C2E7DC29700C5D544 /* Debug */ = {
			isa = XCBuildConfiguration;
			buildSettings = {
				CLANG_WARN_QUOTED_INCLUDE_IN_FRAMEWORK_HEADER = NO;
				CODE_SIGN_STYLE = Automatic;
				CURRENT_PROJECT_VERSION = 1;
				DEVELOPMENT_TEAM = 48LB6H894X;
				GENERATE_INFOPLIST_FILE = YES;
				HEADER_SEARCH_PATHS = "$(SRCROOT)/../dstd";
				INFOPLIST_FILE = AddressPrinter/Info.plist;
				INFOPLIST_KEY_NSHumanReadableCopyright = "";
				MACOSX_DEPLOYMENT_TARGET = 26.0;
				MARKETING_VERSION = 1.0;
				MODULE_NAME = daniel1.AddressPrinter;
				MODULE_START = AddressPrinter_start;
				MODULE_STOP = AddressPrinter_stop;
				MODULE_VERSION = 1.0.0d1;
				PRODUCT_BUNDLE_IDENTIFIER = daniel1.AddressPrinter;
				PRODUCT_NAME = "$(TARGET_NAME)";
				RUN_CLANG_STATIC_ANALYZER = YES;
				STRING_CATALOG_GENERATE_SYMBOLS = YES;
				SWIFT_EMIT_LOC_STRINGS = YES;
				SYMROOT = "$(SRCROOT)/bin/$(CONFIGURATION)";
				WRAPPER_EXTENSION = kext;
			};
			name = Debug;
		};
		BBF3646D2E7DC29700C5D544 /* Release */ = {
			isa = XCBuildConfiguration;
			buildSettings = {
				CLANG_WARN_QUOTED_INCLUDE_IN_FRAMEWORK_HEADER = NO;
				CODE_SIGN_STYLE = Automatic;
				CURRENT_PROJECT_VERSION = 1;
				DEVELOPMENT_TEAM = 48LB6H894X;
				GENERATE_INFOPLIST_FILE = YES;
				HEADER_SEARCH_PATHS = "$(SRCROOT)/../dstd";
				INFOPLIST_FILE = AddressPrinter/Info.plist;
				INFOPLIST_KEY_NSHumanReadableCopyright = "";
				MACOSX_DEPLOYMENT_TARGET = 26.0;
				MARKETING_VERSION = 1.0;
				MODULE_NAME = daniel1.AddressPrinter;
				MODULE_START = AddressPrinter_start;
				MODULE_STOP = AddressPrinter_stop;
				MODULE_VERSION = 1.0.0d1;
				PRODUCT_BUNDLE_IDENTIFIER = daniel1.AddressPrinter;
				PRODUCT_NAME = "$(TARGET_NAME)";
				RUN_CLANG_STATIC_ANALYZER = YES;
				STRING_CATALOG_GENERATE_SYMBOLS = YES;
				SWIFT_EMIT_LOC_STRINGS = YES;
				SYMROOT = "$(SRCROOT)/bin/$(CONFIGURATION)";
				WRAPPER_EXTENSION = kext;
			};
			name = Release;
		};
		BBF3646E2E7DC29700C5D544 /* Debug */ = {
			isa = XCBuildConfiguration;
			buildSettings = {
				ALWAYS_SEARCH_USER_PATHS = NO;
				ASSETCATALOG_COMPILER_GENERATE_SWIFT_ASSET_SYMBOL_EXTENSIONS = YES;
				CLANG_ANALYZER_NONNULL = YES;
				CLANG_ANALYZER_NUMBER_OBJECT_CONVERSION = YES_AGGRESSIVE;
				CLANG_CXX_LANGUAGE_STANDARD = "gnu++20";
				CLANG_ENABLE_MODULES = YES;
				CLANG_ENABLE_OBJC_ARC = YES;
				CLANG_ENABLE_OBJC_WEAK = YES;
				CLANG_WARN_BLOCK_CAPTURE_AUTORELEASING = YES;
				CLANG_WARN_BOOL_CONVERSION = YES;
				CLANG_WARN_COMMA = YES;
				CLANG_WARN_CONSTANT_CONVERSION = YES;
				CLANG_WARN_DEPRECATED_OBJC_IMPLEMENTATIONS = YES;
				CLANG_WARN_DIRECT_OBJC_ISA_USAGE = YES_ERROR;
				CLANG_WARN_DOCUMENTATION_COMMENTS = YES;
				CLANG_WARN_EMPTY_BODY = YES;
				CLANG_WARN_ENUM_CONVERSION = YES;
				CLANG_WARN_INFINITE_RECURSION = YES;
				CLANG_WARN_INT_CONVERSION = YES;
				CLANG_WARN_NON_LITERAL_NULL_CONVERSION = YES;
				CLANG_WARN_OBJC_IMPLICIT_RETAIN_SELF = YES;
				CLANG_WARN_OBJC_LITERAL_CONVERSION = YES;
				CLANG_WARN_OBJC_ROOT_CLASS = YES_ERROR;
				CLANG_WARN_QUOTED_INCLUDE_IN_FRAMEWORK_HEADER = YES;
				CLANG_WARN_RANGE_LOOP_ANALYSIS = YES;
				CLANG_WARN_STRICT_PROTOTYPES = YES;
				CLANG_WARN_SUSPICIOUS_MOVE = YES;
				CLANG_WARN_UNGUARDED_AVAILABILITY = YES_AGGRESSIVE;
				CLANG_WARN_UNREACHABLE_CODE = YES;
				CLANG_WARN__DUPLICATE_METHOD_MATCH = YES;
				COPY_PHASE_STRIP = NO;
				DEBUG_INFORMATION_FORMAT = dwarf;
				DEVELOPMENT_TEAM = 48LB6H894X;
				ENABLE_STRICT_OBJC_MSGSEND = YES;
				ENABLE_TESTABILITY = YES;
				ENABLE_USER_SCRIPT_SANDBOXING = YES;
				GCC_C_LANGUAGE_STANDARD = gnu17;
				GCC_DYNAMIC_NO_PIC = NO;
				GCC_NO_COMMON_BLOCKS = YES;
				GCC_OPTIMIZATION_LEVEL = 0;
				GCC_PREPROCESSOR_DEFINITIONS = (
					"DEBUG=1",
					"$(inherited)",
				);
				GCC_WARN_64_TO_32_BIT_CONVERSION = YES;
				GCC_WARN_ABOUT_RETURN_TYPE = YES_ERROR;
				GCC_WARN_UNDECLARED_SELECTOR = YES;
				GCC_WARN_UNINITIALIZED_AUTOS = YES_AGGRESSIVE;
				GCC_WARN_UNUSED_FUNCTION = YES;
				GCC_WARN_UNUSED_VARIABLE = YES;
				LOCALIZATION_PREFERS_STRING_CATALOGS = YES;
				MACOSX_DEPLOYMENT_TARGET = 15.6;
				MTL_ENABLE_DEBUG_INFO = INCLUDE_SOURCE;
				MTL_FAST_MATH = YES;
				ONLY_ACTIVE_ARCH = YES;
				SDKROOT = macosx;
			};
			name = Debug;
		};
		BBF3646F2E7DC29700C5D544 /* Release */ = {
			isa = XCBuildConfiguration;
			buildSettings = {
				ALWAYS_SEARCH_USER_PATHS = NO;
				ASSETCATALOG_COMPILER_GENERATE_SWIFT_ASSET_SYMBOL_EXTENSIONS = YES;
				CLANG_ANALYZER_NONNULL = YES;
				CLANG_ANALYZER_NUMBER_OBJECT_CONVERSION = YES_AGGRESSIVE;
				CLANG_CXX_LANGUAGE_STANDARD = "gnu++20";
				CLANG_ENABLE_MODULES = YES;
				CLANG_ENABLE_OBJC_ARC = YES;
				CLANG_ENABLE_OBJC_WEAK = YES;
				CLANG_WARN_BLOCK_CAPTURE_AUTORELEASING = YES;
				CLANG_WARN_BOOL_CONVERSION = YES;
				CLANG_WARN_COMMA = YES;
				CLANG_WARN_CONSTANT_CONVERSION = YES;
				CLANG_WARN_DEPRECATED_OBJC_IMPLEMENTATIONS = YES;
				CLANG_WARN_DIRECT_OBJC_ISA_USAGE = YES_ERROR;
				CLANG_WARN_DOCUMENTATION_COMMENTS = YES;
				CLANG_WARN_EMPTY_BODY = YES;
				CLANG_WARN_ENUM_CONVERSION = YES;
				CLANG_WARN_INFINITE_RECURSION = YES;
				CLANG_WARN_INT_CONVERSION = YES;
				CLANG_WARN_NON_LITERAL_NULL_CONVERSION = YES;
				CLANG_WARN_OBJC_IMPLICIT_RETAIN_SELF = YES;
				CLANG_WARN_OBJC_LITERAL_CONVERSION = YES;
				CLANG_WARN_OBJC_ROOT_CLASS = YES_ERROR;
				CLANG_WARN_QUOTED_INCLUDE_IN_FRAMEWORK_HEADER = YES;
				CLANG_WARN_RANGE_LOOP_ANALYSIS = YES;
				CLANG_WARN_STRICT_PROTOTYPES = YES;
				CLANG_WARN_SUSPICIOUS_MOVE = YES;
				CLANG_WARN_UNGUARDED_AVAILABILITY = YES_AGGRESSIVE;
				CLANG_WARN_UNREACHABLE_CODE = YES;
				CLANG_WARN__DUPLICATE_METHOD_MATCH = YES;
				COPY_PHASE_STRIP = NO;
				DEBUG_INFORMATION_FORMAT = "dwarf-with-dsym";
				DEVELOPMENT_TEAM = 48LB6H894X;
				ENABLE_NS_ASSERTIONS = NO;
				ENABLE_STRICT_OBJC_MSGSEND = YES;
				ENABLE_USER_SCRIPT_SANDBOXING = YES;
				GCC_C_LANGUAGE_STANDARD = gnu17;
				GCC_NO_COMMON_BLOCKS = YES;
				GCC_WARN_64_TO_32_BIT_CONVERSION = YES;
				GCC_WARN_ABOUT_RETURN_TYPE = YES_ERROR;
				GCC_WARN_UNDECLARED_SELECTOR = YES;
				GCC_WARN_UNINITIALIZED_AUTOS = YES_AGGRESSIVE;
				GCC_WARN_UNUSED_FUNCTION = YES;
				GCC_WARN_UNUSED_VARIABLE = YES;
				LOCALIZATION_PREFERS_STRING_CATALOGS = YES;
				MACOSX_DEPLOYMENT_TARGET = 15.6;
				MTL_ENABLE_DEBUG_INFO = NO;
				MTL_FAST_MATH = YES;
				SDKROOT = macosx;
			};
			name = Release;
		};
/* End XCBuildConfiguration section */

/* Begin XCConfigurationList section */
		BBF3645E2E7DC29700C5D544 /* Build configuration list for PBXProject "AddressPrinter" */ = {
			isa = XCConfigurationList;
			buildConfigurations = (
				BBF3646E2E7DC29700C5D544 /* Debug */,
				BBF3646F2E7DC29700C5D544 /* Release */,
			);
			defaultConfigurationIsVisible = 0;
			defaultConfigurationName = Release;
		};
		BBF3646B2E7DC29700C5D544 /* Build configuration list for PBXNativeTarget "AddressPrinter" */ = {
			isa = XCConfigurationList;
			buildConfigurations = (
				BBF3646C2E7DC29700C5D544 /* Debug */,
				BBF3646D2E7DC29700C5D544 /* Release */,
			);
			defaultConfigurationIsVisible = 0;
			defaultConfigurationName = Release;
		};
/* End XCConfigurationList section */
	};
	rootObject = BBF3645B2E7DC29700C5D544 /* Project object */;
}
