// !$*UTF8*$!
{
	archiveVersion = 1;
	classes = {
	};
	objectVersion = 77;
	objects = {

/* Begin PBXBuildFile section */
		BBD4316C2E7DE122009FE817 /* Kernel.framework in Resources */ = {isa = PBXBuildFile; fileRef = BBD431672E7DE122009FE817 /* Kernel.framework */; };
		BBD4316D2E7DE122009FE817 /* Info.plist in Resources */ = {isa = PBXBuildFile; fileRef = BBD431662E7DE122009FE817 /* Info.plist */; };
		BBD4316E2E7DE122009FE817 /* SharedPtr.hpp in Headers */ = {isa = PBXBuildFile; fileRef = BBD4315A2E7DE122009FE817 /* SharedPtr.hpp */; };
		BBD4316F2E7DE122009FE817 /* String.hpp in Headers */ = {isa = PBXBuildFile; fileRef = BBD431602E7DE122009FE817 /* String.hpp */; };
		BBD431702E7DE122009FE817 /* Checkers.hpp in Headers */ = {isa = PBXBuildFile; fileRef = BBD431652E7DE122009FE817 /* Checkers.hpp */; };
		BBD431712E7DE122009FE817 /* Result.hpp in Headers */ = {isa = PBXBuildFile; fileRef = BBD4316A2E7DE122009FE817 /* Result.hpp */; };
		BBD431722E7DE122009FE817 /* Logger.hpp in Headers */ = {isa = PBXBuildFile; fileRef = BBD431682E7DE122009FE817 /* Logger.hpp */; };
		BBD431732E7DE122009FE817 /* Optional.hpp in Headers */ = {isa = PBXBuildFile; fileRef = BBD431692E7DE122009FE817 /* Optional.hpp */; };
		BBD431742E7DE122009FE817 /* Address.hpp in Headers */ = {isa = PBXBuildFile; fileRef = BBD4315D2E7DE122009FE817 /* Address.hpp */; };
		BBD431752E7DE122009FE817 /* Move.hpp in Headers */ = {isa = PBXBuildFile; fileRef = BBD431632E7DE122009FE817 /* Move.hpp */; };
		BBD431762E7DE122009FE817 /* Memory.hpp in Headers */ = {isa = PBXBuildFile; fileRef = BBD431582E7DE122009FE817 /* Memory.hpp */; };
		BBD431772E7DE122009FE817 /* KauthCallback.hpp in Headers */ = {isa = PBXBuildFile; fileRef = BBD431552E7DE122009FE817 /* KauthCallback.hpp */; };
		BBD431782E7DE122009FE817 /* UniquePtr.hpp in Headers */ = {isa = PBXBuildFile; fileRef = BBD4315B2E7DE122009FE817 /* UniquePtr.hpp */; };
		BBD431792E7DE122009FE817 /* String.cpp in Sources */ = {isa = PBXBuildFile; fileRef = BBD431612E7DE122009FE817 /* String.cpp */; };
		BBD4317A2E7DE122009FE817 /* Address.cpp in Sources */ = {isa = PBXBuildFile; fileRef = BBD4315E2E7DE122009FE817 /* Address.cpp */; };
		BBD4317B2E7DE122009FE817 /* KauthCallback.cpp in Sources */ = {isa = PBXBuildFile; fileRef = BBD431562E7DE122009FE817 /* KauthCallback.cpp */; };
/* End PBXBuildFile section */

/* Begin PBXFileReference section */
		BB7007152E71FDEF000DBE96 /* ProcessCreationPreventor.kext */ = {isa = PBXFileReference; explicitFileType = wrapper.cfbundle; includeInIndex = 0; path = ProcessCreationPreventor.kext; sourceTree = BUILT_PRODUCTS_DIR; };
		BBD431552E7DE122009FE817 /* KauthCallback.hpp */ = {isa = PBXFileReference; lastKnownFileType = sourcecode.cpp.h; path = KauthCallback.hpp; sourceTree = "<group>"; };
		BBD431562E7DE122009FE817 /* KauthCallback.cpp */ = {isa = PBXFileReference; lastKnownFileType = sourcecode.cpp.cpp; path = KauthCallback.cpp; sourceTree = "<group>"; };
		BBD431582E7DE122009FE817 /* Memory.hpp */ = {isa = PBXFileReference; lastKnownFileType = sourcecode.cpp.h; path = Memory.hpp; sourceTree = "<group>"; };
		BBD4315A2E7DE122009FE817 /* SharedPtr.hpp */ = {isa = PBXFileReference; lastKnownFileType = sourcecode.cpp.h; path = SharedPtr.hpp; sourceTree = "<group>"; };
		BBD4315B2E7DE122009FE817 /* UniquePtr.hpp */ = {isa = PBXFileReference; lastKnownFileType = sourcecode.cpp.h; path = UniquePtr.hpp; sourceTree = "<group>"; };
		BBD4315D2E7DE122009FE817 /* Address.hpp */ = {isa = PBXFileReference; lastKnownFileType = sourcecode.cpp.h; path = Address.hpp; sourceTree = "<group>"; };
		BBD4315E2E7DE122009FE817 /* Address.cpp */ = {isa = PBXFileReference; lastKnownFileType = sourcecode.cpp.cpp; path = Address.cpp; sourceTree = "<group>"; };
		BBD431602E7DE122009FE817 /* String.hpp */ = {isa = PBXFileReference; lastKnownFileType = sourcecode.cpp.h; path = String.hpp; sourceTree = "<group>"; };
		BBD431612E7DE122009FE817 /* String.cpp */ = {isa = PBXFileReference; lastKnownFileType = sourcecode.cpp.cpp; path = String.cpp; sourceTree = "<group>"; };
		BBD431632E7DE122009FE817 /* Move.hpp */ = {isa = PBXFileReference; lastKnownFileType = sourcecode.cpp.h; path = Move.hpp; sourceTree = "<group>"; };
		BBD431652E7DE122009FE817 /* Checkers.hpp */ = {isa = PBXFileReference; lastKnownFileType = sourcecode.cpp.h; path = Checkers.hpp; sourceTree = "<group>"; };
		BBD431662E7DE122009FE817 /* Info.plist */ = {isa = PBXFileReference; lastKnownFileType = text.plist.xml; path = Info.plist; sourceTree = "<group>"; };
		BBD431672E7DE122009FE817 /* Kernel.framework */ = {isa = PBXFileReference; lastKnownFileType = text; path = Kernel.framework; sourceTree = "<group>"; };
		BBD431682E7DE122009FE817 /* Logger.hpp */ = {isa = PBXFileReference; lastKnownFileType = sourcecode.cpp.h; path = Logger.hpp; sourceTree = "<group>"; };
		BBD431692E7DE122009FE817 /* Optional.hpp */ = {isa = PBXFileReference; lastKnownFileType = sourcecode.cpp.h; path = Optional.hpp; sourceTree = "<group>"; };
		BBD4316A2E7DE122009FE817 /* Result.hpp */ = {isa = PBXFileReference; lastKnownFileType = sourcecode.cpp.h; path = Result.hpp; sourceTree = "<group>"; };
/* End PBXFileReference section */

/* Begin PBXFileSystemSynchronizedBuildFileExceptionSet section */
		BB70071B2E71FDEF000DBE96 /* Exceptions for "ProcessCreationPreventor" folder in "ProcessCreationPreventor" target */ = {
			isa = PBXFileSystemSynchronizedBuildFileExceptionSet;
			membershipExceptions = (
				Info.plist,
			);
			target = BB7007142E71FDEF000DBE96 /* ProcessCreationPreventor */;
		};
/* End PBXFileSystemSynchronizedBuildFileExceptionSet section */

/* Begin PBXFileSystemSynchronizedRootGroup section */
		BB7007172E71FDEF000DBE96 /* ProcessCreationPreventor */ = {
			isa = PBXFileSystemSynchronizedRootGroup;
			exceptions = (
				BB70071B2E71FDEF000DBE96 /* Exceptions for "ProcessCreationPreventor" folder in "ProcessCreationPreventor" target */,
			);
			path = ProcessCreationPreventor;
			sourceTree = "<group>";
		};
/* End PBXFileSystemSynchronizedRootGroup section */

/* Begin PBXFrameworksBuildPhase section */
		BB7007122E71FDEF000DBE96 /* Frameworks */ = {
			isa = PBXFrameworksBuildPhase;
			buildActionMask = 2147483647;
			files = (
			);
			runOnlyForDeploymentPostprocessing = 0;
		};
/* End PBXFrameworksBuildPhase section */

/* Begin PBXGroup section */
		BB70070B2E71FDEF000DBE96 = {
			isa = PBXGroup;
			children = (
				BBD4316B2E7DE122009FE817 /* dstd */,
				BB7007172E71FDEF000DBE96 /* ProcessCreationPreventor */,
				BB7007162E71FDEF000DBE96 /* Products */,
			);
			sourceTree = "<group>";
		};
		BB7007162E71FDEF000DBE96 /* Products */ = {
			isa = PBXGroup;
			children = (
				BB7007152E71FDEF000DBE96 /* ProcessCreationPreventor.kext */,
			);
			name = Products;
			sourceTree = "<group>";
		};
		BBD431572E7DE122009FE817 /* KauthCallbacks */ = {
			isa = PBXGroup;
			children = (
				BBD431552E7DE122009FE817 /* KauthCallback.hpp */,
				BBD431562E7DE122009FE817 /* KauthCallback.cpp */,
			);
			path = KauthCallbacks;
			sourceTree = "<group>";
		};
		BBD431592E7DE122009FE817 /* Memory */ = {
			isa = PBXGroup;
			children = (
				BBD431582E7DE122009FE817 /* Memory.hpp */,
			);
			path = Memory;
			sourceTree = "<group>";
		};
		BBD4315C2E7DE122009FE817 /* Pointers */ = {
			isa = PBXGroup;
			children = (
				BBD4315A2E7DE122009FE817 /* SharedPtr.hpp */,
				BBD4315B2E7DE122009FE817 /* UniquePtr.hpp */,
			);
			path = Pointers;
			sourceTree = "<group>";
		};
		BBD4315F2E7DE122009FE817 /* Signatures */ = {
			isa = PBXGroup;
			children = (
				BBD4315D2E7DE122009FE817 /* Address.hpp */,
				BBD4315E2E7DE122009FE817 /* Address.cpp */,
			);
			path = Signatures;
			sourceTree = "<group>";
		};
		BBD431622E7DE122009FE817 /* Strings */ = {
			isa = PBXGroup;
			children = (
				BBD431602E7DE122009FE817 /* String.hpp */,
				BBD431612E7DE122009FE817 /* String.cpp */,
			);
			path = Strings;
			sourceTree = "<group>";
		};
		BBD431642E7DE122009FE817 /* TypeTraites */ = {
			isa = PBXGroup;
			children = (
				BBD431632E7DE122009FE817 /* Move.hpp */,
			);
			path = TypeTraites;
			sourceTree = "<group>";
		};
		BBD4316B2E7DE122009FE817 /* dstd */ = {
			isa = PBXGroup;
			children = (
				BBD431572E7DE122009FE817 /* KauthCallbacks */,
				BBD431592E7DE122009FE817 /* Memory */,
				BBD4315C2E7DE122009FE817 /* Pointers */,
				BBD4315F2E7DE122009FE817 /* Signatures */,
				BBD431622E7DE122009FE817 /* Strings */,
				BBD431642E7DE122009FE817 /* TypeTraites */,
				BBD431652E7DE122009FE817 /* Checkers.hpp */,
				BBD431662E7DE122009FE817 /* Info.plist */,
				BBD431672E7DE122009FE817 /* Kernel.framework */,
				BBD431682E7DE122009FE817 /* Logger.hpp */,
				BBD431692E7DE122009FE817 /* Optional.hpp */,
				BBD4316A2E7DE122009FE817 /* Result.hpp */,
			);
			name = dstd;
			path = ../dstd/dstd;
			sourceTree = SOURCE_ROOT;
		};
/* End PBXGroup section */

/* Begin PBXHeadersBuildPhase section */
		BB7007102E71FDEF000DBE96 /* Headers */ = {
			isa = PBXHeadersBuildPhase;
			buildActionMask = 2147483647;
			files = (
				BBD4316E2E7DE122009FE817 /* SharedPtr.hpp in Headers */,
				BBD4316F2E7DE122009FE817 /* String.hpp in Headers */,
				BBD431702E7DE122009FE817 /* Checkers.hpp in Headers */,
				BBD431712E7DE122009FE817 /* Result.hpp in Headers */,
				BBD431722E7DE122009FE817 /* Logger.hpp in Headers */,
				BBD431732E7DE122009FE817 /* Optional.hpp in Headers */,
				BBD431742E7DE122009FE817 /* Address.hpp in Headers */,
				BBD431752E7DE122009FE817 /* Move.hpp in Headers */,
				BBD431762E7DE122009FE817 /* Memory.hpp in Headers */,
				BBD431772E7DE122009FE817 /* KauthCallback.hpp in Headers */,
				BBD431782E7DE122009FE817 /* UniquePtr.hpp in Headers */,
			);
			runOnlyForDeploymentPostprocessing = 0;
		};
/* End PBXHeadersBuildPhase section */

/* Begin PBXNativeTarget section */
		BB7007142E71FDEF000DBE96 /* ProcessCreationPreventor */ = {
			isa = PBXNativeTarget;
			buildConfigurationList = BB70071C2E71FDEF000DBE96 /* Build configuration list for PBXNativeTarget "ProcessCreationPreventor" */;
			buildPhases = (
				BB7007102E71FDEF000DBE96 /* Headers */,
				BB7007112E71FDEF000DBE96 /* Sources */,
				BB7007122E71FDEF000DBE96 /* Frameworks */,
				BB7007132E71FDEF000DBE96 /* Resources */,
			);
			buildRules = (
			);
			dependencies = (
			);
			fileSystemSynchronizedGroups = (
				BB7007172E71FDEF000DBE96 /* ProcessCreationPreventor */,
			);
			name = ProcessCreationPreventor;
			packageProductDependencies = (
			);
			productName = ProcessCreationPreventor;
			productReference = BB7007152E71FDEF000DBE96 /* ProcessCreationPreventor.kext */;
			productType = "com.apple.product-type.kernel-extension";
		};
/* End PBXNativeTarget section */

/* Begin PBXProject section */
		BB70070C2E71FDEF000DBE96 /* Project object */ = {
			isa = PBXProject;
			attributes = {
				BuildIndependentTargetsInParallel = 1;
				LastUpgradeCheck = 1640;
				TargetAttributes = {
					BB7007142E71FDEF000DBE96 = {
						CreatedOnToolsVersion = 16.4;
					};
				};
			};
			buildConfigurationList = BB70070F2E71FDEF000DBE96 /* Build configuration list for PBXProject "ProcessCreationPreventor" */;
			developmentRegion = en;
			hasScannedForEncodings = 0;
			knownRegions = (
				en,
				Base,
			);
			mainGroup = BB70070B2E71FDEF000DBE96;
			minimizedProjectReferenceProxies = 1;
			preferredProjectObjectVersion = 77;
			productRefGroup = BB7007162E71FDEF000DBE96 /* Products */;
			projectDirPath = "";
			projectRoot = "";
			targets = (
				BB7007142E71FDEF000DBE96 /* ProcessCreationPreventor */,
			);
		};
/* End PBXProject section */

/* Begin PBXResourcesBuildPhase section */
		BB7007132E71FDEF000DBE96 /* Resources */ = {
			isa = PBXResourcesBuildPhase;
			buildActionMask = 2147483647;
			files = (
				BBD4316C2E7DE122009FE817 /* Kernel.framework in Resources */,
				BBD4316D2E7DE122009FE817 /* Info.plist in Resources */,
			);
			runOnlyForDeploymentPostprocessing = 0;
		};
/* End PBXResourcesBuildPhase section */

/* Begin PBXSourcesBuildPhase section */
		BB7007112E71FDEF000DBE96 /* Sources */ = {
			isa = PBXSourcesBuildPhase;
			buildActionMask = 2147483647;
			files = (
				BBD431792E7DE122009FE817 /* String.cpp in Sources */,
				BBD4317A2E7DE122009FE817 /* Address.cpp in Sources */,
				BBD4317B2E7DE122009FE817 /* KauthCallback.cpp in Sources */,
			);
			runOnlyForDeploymentPostprocessing = 0;
		};
/* End PBXSourcesBuildPhase section */

/* Begin XCBuildConfiguration section */
		BB70071D2E71FDEF000DBE96 /* Debug */ = {
			isa = XCBuildConfiguration;
			buildSettings = {
				CLANG_WARN_QUOTED_INCLUDE_IN_FRAMEWORK_HEADER = NO;
				CODE_SIGN_STYLE = Automatic;
				CURRENT_PROJECT_VERSION = 1;
				DEVELOPMENT_TEAM = 48LB6H894X;
				GENERATE_INFOPLIST_FILE = YES;
				HEADER_SEARCH_PATHS = "$(SRCROOT)/../dstd/**";
				INFOPLIST_FILE = ProcessCreationPreventor/Info.plist;
				INFOPLIST_KEY_CFBundleDisplayName = PCP;
				INFOPLIST_KEY_NSHumanReadableCopyright = "";
				MACOSX_DEPLOYMENT_TARGET = 14.0;
				MARKETING_VERSION = 1.0;
				MODULE_NAME = daniel1.ProcessCreationPreventor;
				MODULE_START = ProcessCreationPreventor_start;
				MODULE_STOP = ProcessCreationPreventor_stop;
				MODULE_VERSION = 1.0.0d1;
				PRODUCT_BUNDLE_IDENTIFIER = daniel1.ProcessCreationPreventor;
				PRODUCT_NAME = "$(TARGET_NAME)";
				RUN_CLANG_STATIC_ANALYZER = YES;
				SWIFT_EMIT_LOC_STRINGS = YES;
				SYMROOT = "$(SRCROOT)/bin/$(CONFIGURATION)";
				WRAPPER_EXTENSION = kext;
			};
			name = Debug;
		};
		BB70071E2E71FDEF000DBE96 /* Release */ = {
			isa = XCBuildConfiguration;
			buildSettings = {
				CLANG_WARN_QUOTED_INCLUDE_IN_FRAMEWORK_HEADER = NO;
				CODE_SIGN_STYLE = Automatic;
				CURRENT_PROJECT_VERSION = 1;
				DEVELOPMENT_TEAM = 48LB6H894X;
				GENERATE_INFOPLIST_FILE = YES;
				HEADER_SEARCH_PATHS = "$(SRCROOT)/../dstd/**";
				INFOPLIST_FILE = ProcessCreationPreventor/Info.plist;
				INFOPLIST_KEY_CFBundleDisplayName = PCP;
				INFOPLIST_KEY_NSHumanReadableCopyright = "";
				MACOSX_DEPLOYMENT_TARGET = 14.0;
				MARKETING_VERSION = 1.0;
				MODULE_NAME = daniel1.ProcessCreationPreventor;
				MODULE_START = ProcessCreationPreventor_start;
				MODULE_STOP = ProcessCreationPreventor_stop;
				MODULE_VERSION = 1.0.0d1;
				PRODUCT_BUNDLE_IDENTIFIER = daniel1.ProcessCreationPreventor;
				PRODUCT_NAME = "$(TARGET_NAME)";
				RUN_CLANG_STATIC_ANALYZER = YES;
				SWIFT_EMIT_LOC_STRINGS = YES;
				SYMROOT = "$(SRCROOT)/bin/$(CONFIGURATION)";
				WRAPPER_EXTENSION = kext;
			};
			name = Release;
		};
		BB70071F2E71FDEF000DBE96 /* Debug */ = {
			isa = XCBuildConfiguration;
			buildSettings = {
				ALWAYS_SEARCH_USER_PATHS = NO;
				ASSETCATALOG_COMPILER_GENERATE_SWIFT_ASSET_SYMBOL_EXTENSIONS = YES;
				CLANG_ANALYZER_NONNULL = YES;
				CLANG_ANALYZER_NUMBER_OBJECT_CONVERSION = YES_AGGRESSIVE;
				CLANG_CXX_LANGUAGE_STANDARD = "gnu++20";
				CLANG_ENABLE_MODULES = YES;
				CLANG_ENABLE_OBJC_ARC = YES;
				CLANG_ENABLE_OBJC_WEAK = YES;
				CLANG_WARN_BLOCK_CAPTURE_AUTORELEASING = YES;
				CLANG_WARN_BOOL_CONVERSION = YES;
				CLANG_WARN_COMMA = YES;
				CLANG_WARN_CONSTANT_CONVERSION = YES;
				CLANG_WARN_DEPRECATED_OBJC_IMPLEMENTATIONS = YES;
				CLANG_WARN_DIRECT_OBJC_ISA_USAGE = YES_ERROR;
				CLANG_WARN_DOCUMENTATION_COMMENTS = YES;
				CLANG_WARN_EMPTY_BODY = YES;
				CLANG_WARN_ENUM_CONVERSION = YES;
				CLANG_WARN_INFINITE_RECURSION = YES;
				CLANG_WARN_INT_CONVERSION = YES;
				CLANG_WARN_NON_LITERAL_NULL_CONVERSION = YES;
				CLANG_WARN_OBJC_IMPLICIT_RETAIN_SELF = YES;
				CLANG_WARN_OBJC_LITERAL_CONVERSION = YES;
				CLANG_WARN_OBJC_ROOT_CLASS = YES_ERROR;
				CLANG_WARN_QUOTED_INCLUDE_IN_FRAMEWORK_HEADER = YES;
				CLANG_WARN_RANGE_LOOP_ANALYSIS = YES;
				CLANG_WARN_STRICT_PROTOTYPES = YES;
				CLANG_WARN_SUSPICIOUS_MOVE = YES;
				CLANG_WARN_UNGUARDED_AVAILABILITY = YES_AGGRESSIVE;
				CLANG_WARN_UNREACHABLE_CODE = YES;
				CLANG_WARN__DUPLICATE_METHOD_MATCH = YES;
				COPY_PHASE_STRIP = NO;
				DEBUG_INFORMATION_FORMAT = dwarf;
				DEVELOPMENT_TEAM = 48LB6H894X;
				ENABLE_STRICT_OBJC_MSGSEND = YES;
				ENABLE_TESTABILITY = YES;
				ENABLE_USER_SCRIPT_SANDBOXING = YES;
				GCC_C_LANGUAGE_STANDARD = gnu17;
				GCC_DYNAMIC_NO_PIC = NO;
				GCC_NO_COMMON_BLOCKS = YES;
				GCC_OPTIMIZATION_LEVEL = 0;
				GCC_PREPROCESSOR_DEFINITIONS = (
					"DEBUG=1",
					"$(inherited)",
				);
				GCC_WARN_64_TO_32_BIT_CONVERSION = YES;
				GCC_WARN_ABOUT_RETURN_TYPE = YES_ERROR;
				GCC_WARN_UNDECLARED_SELECTOR = YES;
				GCC_WARN_UNINITIALIZED_AUTOS = YES_AGGRESSIVE;
				GCC_WARN_UNUSED_FUNCTION = YES;
				GCC_WARN_UNUSED_VARIABLE = YES;
				LOCALIZATION_PREFERS_STRING_CATALOGS = YES;
				MACOSX_DEPLOYMENT_TARGET = 15.5;
				MTL_ENABLE_DEBUG_INFO = INCLUDE_SOURCE;
				MTL_FAST_MATH = YES;
				ONLY_ACTIVE_ARCH = YES;
				SDKROOT = macosx;
			};
			name = Debug;
		};
		BB7007202E71FDEF000DBE96 /* Release */ = {
			isa = XCBuildConfiguration;
			buildSettings = {
				ALWAYS_SEARCH_USER_PATHS = NO;
				ASSETCATALOG_COMPILER_GENERATE_SWIFT_ASSET_SYMBOL_EXTENSIONS = YES;
				CLANG_ANALYZER_NONNULL = YES;
				CLANG_ANALYZER_NUMBER_OBJECT_CONVERSION = YES_AGGRESSIVE;
				CLANG_CXX_LANGUAGE_STANDARD = "gnu++20";
				CLANG_ENABLE_MODULES = YES;
				CLANG_ENABLE_OBJC_ARC = YES;
				CLANG_ENABLE_OBJC_WEAK = YES;
				CLANG_WARN_BLOCK_CAPTURE_AUTORELEASING = YES;
				CLANG_WARN_BOOL_CONVERSION = YES;
				CLANG_WARN_COMMA = YES;
				CLANG_WARN_CONSTANT_CONVERSION = YES;
				CLANG_WARN_DEPRECATED_OBJC_IMPLEMENTATIONS = YES;
				CLANG_WARN_DIRECT_OBJC_ISA_USAGE = YES_ERROR;
				CLANG_WARN_DOCUMENTATION_COMMENTS = YES;
				CLANG_WARN_EMPTY_BODY = YES;
				CLANG_WARN_ENUM_CONVERSION = YES;
				CLANG_WARN_INFINITE_RECURSION = YES;
				CLANG_WARN_INT_CONVERSION = YES;
				CLANG_WARN_NON_LITERAL_NULL_CONVERSION = YES;
				CLANG_WARN_OBJC_IMPLICIT_RETAIN_SELF = YES;
				CLANG_WARN_OBJC_LITERAL_CONVERSION = YES;
				CLANG_WARN_OBJC_ROOT_CLASS = YES_ERROR;
				CLANG_WARN_QUOTED_INCLUDE_IN_FRAMEWORK_HEADER = YES;
				CLANG_WARN_RANGE_LOOP_ANALYSIS = YES;
				CLANG_WARN_STRICT_PROTOTYPES = YES;
				CLANG_WARN_SUSPICIOUS_MOVE = YES;
				CLANG_WARN_UNGUARDED_AVAILABILITY = YES_AGGRESSIVE;
				CLANG_WARN_UNREACHABLE_CODE = YES;
				CLANG_WARN__DUPLICATE_METHOD_MATCH = YES;
				COPY_PHASE_STRIP = NO;
				DEBUG_INFORMATION_FORMAT = "dwarf-with-dsym";
				DEVELOPMENT_TEAM = 48LB6H894X;
				ENABLE_NS_ASSERTIONS = NO;
				ENABLE_STRICT_OBJC_MSGSEND = YES;
				ENABLE_USER_SCRIPT_SANDBOXING = YES;
				GCC_C_LANGUAGE_STANDARD = gnu17;
				GCC_NO_COMMON_BLOCKS = YES;
				GCC_WARN_64_TO_32_BIT_CONVERSION = YES;
				GCC_WARN_ABOUT_RETURN_TYPE = YES_ERROR;
				GCC_WARN_UNDECLARED_SELECTOR = YES;
				GCC_WARN_UNINITIALIZED_AUTOS = YES_AGGRESSIVE;
				GCC_WARN_UNUSED_FUNCTION = YES;
				GCC_WARN_UNUSED_VARIABLE = YES;
				LOCALIZATION_PREFERS_STRING_CATALOGS = YES;
				MACOSX_DEPLOYMENT_TARGET = 15.5;
				MTL_ENABLE_DEBUG_INFO = NO;
				MTL_FAST_MATH = YES;
				SDKROOT = macosx;
			};
			name = Release;
		};
/* End XCBuildConfiguration section */

/* Begin XCConfigurationList section */
		BB70070F2E71FDEF000DBE96 /* Build configuration list for PBXProject "ProcessCreationPreventor" */ = {
			isa = XCConfigurationList;
			buildConfigurations = (
				BB70071F2E71FDEF000DBE96 /* Debug */,
				BB7007202E71FDEF000DBE96 /* Release */,
			);
			defaultConfigurationIsVisible = 0;
			defaultConfigurationName = Release;
		};
		BB70071C2E71FDEF000DBE96 /* Build configuration list for PBXNativeTarget "ProcessCreationPreventor" */ = {
			isa = XCConfigurationList;
			buildConfigurations = (
				BB70071D2E71FDEF000DBE96 /* Debug */,
				BB70071E2E71FDEF000DBE96 /* Release */,
			);
			defaultConfigurationIsVisible = 0;
			defaultConfigurationName = Release;
		};
/* End XCConfigurationList section */
	};
	rootObject = BB70070C2E71FDEF000DBE96 /* Project object */;
}
